
Microsoft Visual Studio Solution File, Format Version 12.00
# Visual Studio Version 17
VisualStudioVersion = 17.3.32922.545
MinimumVisualStudioVersion = 10.0.40219.1
Project("{FAE04EC0-301F-11D3-BF4B-00C04F79EFBC}") = "Grades", "Grades.csproj", "{3F1AC258-E4EA-49D4-AFAD-1883C1ACA0B6}"
EndProject
Project("{FAE04EC0-301F-11D3-BF4B-00C04F79EFBC}") = "PrintingTriangle", "..\PrintingTriangle\PrintingTriangle.csproj", "{3A87E505-0B44-4778-B771-1F3FE2421CDB}"
EndProject
Project("{FAE04EC0-301F-11D3-BF4B-00C04F79EFBC}") = "RepeatString", "..\RepeatString\RepeatString.csproj", "{A967D868-5218-4119-96B2-1248C8F0B434}"
EndProject
Project("{FAE04EC0-301F-11D3-BF4B-00C04F79EFBC}") = "GreaterOfTwoValues", "..\GreaterOfTwoValues\GreaterOfTwoValues.csproj", "{0B15DCF8-0BE0-454C-8FBC-62551D7197CE}"
EndProject
Project("{FAE04EC0-301F-11D3-BF4B-00C04F79EFBC}") = "MultiplyEvensByOdds", "..\MultiplyEvensByOdds\MultiplyEvensByOdds.csproj", "{9E1EC4B2-0AD3-4753-B681-A7F7C7C55144}"
EndProject
Project("{FAE04EC0-301F-11D3-BF4B-00C04F79EFBC}") = "Sign_OfIntegerNumbers", "..\Sign_OfIntegerNumbers\Sign_OfIntegerNumbers.csproj", "{0F77FADB-EFED-495E-BAC3-115291E744D8}"
EndProject
Project("{FAE04EC0-301F-11D3-BF4B-00C04F79EFBC}") = "Calculations", "..\Calculations\Calculations.csproj", "{F85AB3FD-87DC-4161-A3E8-83279E1C0DCC}"
EndProject
Project("{FAE04EC0-301F-11D3-BF4B-00C04F79EFBC}") = "Orders", "..\Orders\Orders.csproj", "{55BD0863-612E-42E1-8BFC-8E6128070621}"
EndProject
Project("{FAE04EC0-301F-11D3-BF4B-00C04F79EFBC}") = "CalculateRectangleArea", "..\CalculateRectangleArea\CalculateRectangleArea.csproj", "{22B2BAD3-CD43-40A2-8BCD-3B4729BCC972}"
EndProject
Project("{FAE04EC0-301F-11D3-BF4B-00C04F79EFBC}") = "MathPower", "..\MathPower\MathPower.csproj", "{0DEF7F4D-FEAB-429B-A097-97CA8D53AF43}"
EndProject
Project("{FAE04EC0-301F-11D3-BF4B-00C04F79EFBC}") = "MathOperations", "..\MathOperations\MathOperations.csproj", "{C83CC0DE-D980-4B29-976C-0C21A217C0C8}"
EndProject
Project("{FAE04EC0-301F-11D3-BF4B-00C04F79EFBC}") = "ArrayManipulator", "..\ArrayManipulator\ArrayManipulator.csproj", "{64492481-D4A0-45BD-8114-3D7CF9E90CA3}"
EndProject
Project("{FAE04EC0-301F-11D3-BF4B-00C04F79EFBC}") = "VowelsCount", "..\VowelsCount\VowelsCount.csproj", "{2BF11B53-6002-4CAC-AE89-319EFD32DB1F}"
EndProject
Project("{FAE04EC0-301F-11D3-BF4B-00C04F79EFBC}") = "PasswordValidator", "..\PasswordValidator\PasswordValidator.csproj", "{909BAA53-EFDE-4D2B-9B37-4BC47857DC90}"
EndProject
Project("{FAE04EC0-301F-11D3-BF4B-00C04F79EFBC}") = "SmallestOfThreeNumbers", "..\SmallestOfThreeNumbers\SmallestOfThreeNumbers.csproj", "{B9E3FB49-94F1-4E91-B04B-A612BD9A3D03}"
EndProject
Project("{FAE04EC0-301F-11D3-BF4B-00C04F79EFBC}") = "CharactersInRange", "..\CharactersInRange\CharactersInRange.csproj", "{D1B2CC01-6D98-4558-B82E-C6B85D2DC411}"
EndProject
Project("{FAE04EC0-301F-11D3-BF4B-00C04F79EFBC}") = "AddAndSubtract", "..\AddAndSubtract\AddAndSubtract.csproj", "{E0BE0C4A-666F-4D2D-9727-E7ECBD46F95B}"
EndProject
Project("{FAE04EC0-301F-11D3-BF4B-00C04F79EFBC}") = "MiddleCharacters", "..\MiddleCharacters\MiddleCharacters.csproj", "{2214A882-BC4A-4BD0-A5CC-496939F481AE}"
EndProject
Project("{FAE04EC0-301F-11D3-BF4B-00C04F79EFBC}") = "NxNMatrix", "..\NxNMatrix\NxNMatrix.csproj", "{887800DE-C098-4164-AEF2-BAB83A1DD525}"
EndProject
Project("{FAE04EC0-301F-11D3-BF4B-00C04F79EFBC}") = "FactorialDivision", "..\FactorialDivision\FactorialDivision.csproj", "{8BE3FD94-C140-4BC0-9B2F-39C8720629F7}"
EndProject
Project("{FAE04EC0-301F-11D3-BF4B-00C04F79EFBC}") = "PalindromeIntegers", "..\PalindromeIntegers\PalindromeIntegers.csproj", "{9ED9B766-1C34-4A96-BAC2-2545912FB943}"
EndProject
Project("{FAE04EC0-301F-11D3-BF4B-00C04F79EFBC}") = "TopNumbers", "..\TopNumbers\TopNumbers.csproj", "{986A56A1-51EF-4A98-8841-2B0BC708B929}"
EndProject
Global
	GlobalSection(SolutionConfigurationPlatforms) = preSolution
		Debug|Any CPU = Debug|Any CPU
		Release|Any CPU = Release|Any CPU
	EndGlobalSection
	GlobalSection(ProjectConfigurationPlatforms) = postSolution
		{3F1AC258-E4EA-49D4-AFAD-1883C1ACA0B6}.Debug|Any CPU.ActiveCfg = Debug|Any CPU
		{3F1AC258-E4EA-49D4-AFAD-1883C1ACA0B6}.Debug|Any CPU.Build.0 = Debug|Any CPU
		{3F1AC258-E4EA-49D4-AFAD-1883C1ACA0B6}.Release|Any CPU.ActiveCfg = Release|Any CPU
		{3F1AC258-E4EA-49D4-AFAD-1883C1ACA0B6}.Release|Any CPU.Build.0 = Release|Any CPU
		{3A87E505-0B44-4778-B771-1F3FE2421CDB}.Debug|Any CPU.ActiveCfg = Debug|Any CPU
		{3A87E505-0B44-4778-B771-1F3FE2421CDB}.Debug|Any CPU.Build.0 = Debug|Any CPU
		{3A87E505-0B44-4778-B771-1F3FE2421CDB}.Release|Any CPU.ActiveCfg = Release|Any CPU
		{3A87E505-0B44-4778-B771-1F3FE2421CDB}.Release|Any CPU.Build.0 = Release|Any CPU
		{A967D868-5218-4119-96B2-1248C8F0B434}.Debug|Any CPU.ActiveCfg = Debug|Any CPU
		{A967D868-5218-4119-96B2-1248C8F0B434}.Debug|Any CPU.Build.0 = Debug|Any CPU
		{A967D868-5218-4119-96B2-1248C8F0B434}.Release|Any CPU.ActiveCfg = Release|Any CPU
		{A967D868-5218-4119-96B2-1248C8F0B434}.Release|Any CPU.Build.0 = Release|Any CPU
		{0B15DCF8-0BE0-454C-8FBC-62551D7197CE}.Debug|Any CPU.ActiveCfg = Debug|Any CPU
		{0B15DCF8-0BE0-454C-8FBC-62551D7197CE}.Debug|Any CPU.Build.0 = Debug|Any CPU
		{0B15DCF8-0BE0-454C-8FBC-62551D7197CE}.Release|Any CPU.ActiveCfg = Release|Any CPU
		{0B15DCF8-0BE0-454C-8FBC-62551D7197CE}.Release|Any CPU.Build.0 = Release|Any CPU
		{9E1EC4B2-0AD3-4753-B681-A7F7C7C55144}.Debug|Any CPU.ActiveCfg = Debug|Any CPU
		{9E1EC4B2-0AD3-4753-B681-A7F7C7C55144}.Debug|Any CPU.Build.0 = Debug|Any CPU
		{9E1EC4B2-0AD3-4753-B681-A7F7C7C55144}.Release|Any CPU.ActiveCfg = Release|Any CPU
		{9E1EC4B2-0AD3-4753-B681-A7F7C7C55144}.Release|Any CPU.Build.0 = Release|Any CPU
		{0F77FADB-EFED-495E-BAC3-115291E744D8}.Debug|Any CPU.ActiveCfg = Debug|Any CPU
		{0F77FADB-EFED-495E-BAC3-115291E744D8}.Debug|Any CPU.Build.0 = Debug|Any CPU
		{0F77FADB-EFED-495E-BAC3-115291E744D8}.Release|Any CPU.ActiveCfg = Release|Any CPU
		{0F77FADB-EFED-495E-BAC3-115291E744D8}.Release|Any CPU.Build.0 = Release|Any CPU
		{F85AB3FD-87DC-4161-A3E8-83279E1C0DCC}.Debug|Any CPU.ActiveCfg = Debug|Any CPU
		{F85AB3FD-87DC-4161-A3E8-83279E1C0DCC}.Debug|Any CPU.Build.0 = Debug|Any CPU
		{F85AB3FD-87DC-4161-A3E8-83279E1C0DCC}.Release|Any CPU.ActiveCfg = Release|Any CPU
		{F85AB3FD-87DC-4161-A3E8-83279E1C0DCC}.Release|Any CPU.Build.0 = Release|Any CPU
		{55BD0863-612E-42E1-8BFC-8E6128070621}.Debug|Any CPU.ActiveCfg = Debug|Any CPU
		{55BD0863-612E-42E1-8BFC-8E6128070621}.Debug|Any CPU.Build.0 = Debug|Any CPU
		{55BD0863-612E-42E1-8BFC-8E6128070621}.Release|Any CPU.ActiveCfg = Release|Any CPU
		{55BD0863-612E-42E1-8BFC-8E6128070621}.Release|Any CPU.Build.0 = Release|Any CPU
		{22B2BAD3-CD43-40A2-8BCD-3B4729BCC972}.Debug|Any CPU.ActiveCfg = Debug|Any CPU
		{22B2BAD3-CD43-40A2-8BCD-3B4729BCC972}.Debug|Any CPU.Build.0 = Debug|Any CPU
		{22B2BAD3-CD43-40A2-8BCD-3B4729BCC972}.Release|Any CPU.ActiveCfg = Release|Any CPU
		{22B2BAD3-CD43-40A2-8BCD-3B4729BCC972}.Release|Any CPU.Build.0 = Release|Any CPU
		{0DEF7F4D-FEAB-429B-A097-97CA8D53AF43}.Debug|Any CPU.ActiveCfg = Debug|Any CPU
		{0DEF7F4D-FEAB-429B-A097-97CA8D53AF43}.Debug|Any CPU.Build.0 = Debug|Any CPU
		{0DEF7F4D-FEAB-429B-A097-97CA8D53AF43}.Release|Any CPU.ActiveCfg = Release|Any CPU
		{0DEF7F4D-FEAB-429B-A097-97CA8D53AF43}.Release|Any CPU.Build.0 = Release|Any CPU
		{C83CC0DE-D980-4B29-976C-0C21A217C0C8}.Debug|Any CPU.ActiveCfg = Debug|Any CPU
		{C83CC0DE-D980-4B29-976C-0C21A217C0C8}.Debug|Any CPU.Build.0 = Debug|Any CPU
		{C83CC0DE-D980-4B29-976C-0C21A217C0C8}.Release|Any CPU.ActiveCfg = Release|Any CPU
		{C83CC0DE-D980-4B29-976C-0C21A217C0C8}.Release|Any CPU.Build.0 = Release|Any CPU
		{64492481-D4A0-45BD-8114-3D7CF9E90CA3}.Debug|Any CPU.ActiveCfg = Debug|Any CPU
		{64492481-D4A0-45BD-8114-3D7CF9E90CA3}.Debug|Any CPU.Build.0 = Debug|Any CPU
		{64492481-D4A0-45BD-8114-3D7CF9E90CA3}.Release|Any CPU.ActiveCfg = Release|Any CPU
		{64492481-D4A0-45BD-8114-3D7CF9E90CA3}.Release|Any CPU.Build.0 = Release|Any CPU
		{2BF11B53-6002-4CAC-AE89-319EFD32DB1F}.Debug|Any CPU.ActiveCfg = Debug|Any CPU
		{2BF11B53-6002-4CAC-AE89-319EFD32DB1F}.Debug|Any CPU.Build.0 = Debug|Any CPU
		{2BF11B53-6002-4CAC-AE89-319EFD32DB1F}.Release|Any CPU.ActiveCfg = Release|Any CPU
		{2BF11B53-6002-4CAC-AE89-319EFD32DB1F}.Release|Any CPU.Build.0 = Release|Any CPU
		{909BAA53-EFDE-4D2B-9B37-4BC47857DC90}.Debug|Any CPU.ActiveCfg = Debug|Any CPU
		{909BAA53-EFDE-4D2B-9B37-4BC47857DC90}.Debug|Any CPU.Build.0 = Debug|Any CPU
		{909BAA53-EFDE-4D2B-9B37-4BC47857DC90}.Release|Any CPU.ActiveCfg = Release|Any CPU
		{909BAA53-EFDE-4D2B-9B37-4BC47857DC90}.Release|Any CPU.Build.0 = Release|Any CPU
		{B9E3FB49-94F1-4E91-B04B-A612BD9A3D03}.Debug|Any CPU.ActiveCfg = Debug|Any CPU
		{B9E3FB49-94F1-4E91-B04B-A612BD9A3D03}.Debug|Any CPU.Build.0 = Debug|Any CPU
		{B9E3FB49-94F1-4E91-B04B-A612BD9A3D03}.Release|Any CPU.ActiveCfg = Release|Any CPU
		{B9E3FB49-94F1-4E91-B04B-A612BD9A3D03}.Release|Any CPU.Build.0 = Release|Any CPU
		{D1B2CC01-6D98-4558-B82E-C6B85D2DC411}.Debug|Any CPU.ActiveCfg = Debug|Any CPU
		{D1B2CC01-6D98-4558-B82E-C6B85D2DC411}.Debug|Any CPU.Build.0 = Debug|Any CPU
		{D1B2CC01-6D98-4558-B82E-C6B85D2DC411}.Release|Any CPU.ActiveCfg = Release|Any CPU
		{D1B2CC01-6D98-4558-B82E-C6B85D2DC411}.Release|Any CPU.Build.0 = Release|Any CPU
		{E0BE0C4A-666F-4D2D-9727-E7ECBD46F95B}.Debug|Any CPU.ActiveCfg = Debug|Any CPU
		{E0BE0C4A-666F-4D2D-9727-E7ECBD46F95B}.Debug|Any CPU.Build.0 = Debug|Any CPU
		{E0BE0C4A-666F-4D2D-9727-E7ECBD46F95B}.Release|Any CPU.ActiveCfg = Release|Any CPU
		{E0BE0C4A-666F-4D2D-9727-E7ECBD46F95B}.Release|Any CPU.Build.0 = Release|Any CPU
		{2214A882-BC4A-4BD0-A5CC-496939F481AE}.Debug|Any CPU.ActiveCfg = Debug|Any CPU
		{2214A882-BC4A-4BD0-A5CC-496939F481AE}.Debug|Any CPU.Build.0 = Debug|Any CPU
		{2214A882-BC4A-4BD0-A5CC-496939F481AE}.Release|Any CPU.ActiveCfg = Release|Any CPU
		{2214A882-BC4A-4BD0-A5CC-496939F481AE}.Release|Any CPU.Build.0 = Release|Any CPU
		{887800DE-C098-4164-AEF2-BAB83A1DD525}.Debug|Any CPU.ActiveCfg = Debug|Any CPU
		{887800DE-C098-4164-AEF2-BAB83A1DD525}.Debug|Any CPU.Build.0 = Debug|Any CPU
		{887800DE-C098-4164-AEF2-BAB83A1DD525}.Release|Any CPU.ActiveCfg = Release|Any CPU
		{887800DE-C098-4164-AEF2-BAB83A1DD525}.Release|Any CPU.Build.0 = Release|Any CPU
		{8BE3FD94-C140-4BC0-9B2F-39C8720629F7}.Debug|Any CPU.ActiveCfg = Debug|Any CPU
		{8BE3FD94-C140-4BC0-9B2F-39C8720629F7}.Debug|Any CPU.Build.0 = Debug|Any CPU
		{8BE3FD94-C140-4BC0-9B2F-39C8720629F7}.Release|Any CPU.ActiveCfg = Release|Any CPU
		{8BE3FD94-C140-4BC0-9B2F-39C8720629F7}.Release|Any CPU.Build.0 = Release|Any CPU
		{9ED9B766-1C34-4A96-BAC2-2545912FB943}.Debug|Any CPU.ActiveCfg = Debug|Any CPU
		{9ED9B766-1C34-4A96-BAC2-2545912FB943}.Debug|Any CPU.Build.0 = Debug|Any CPU
		{9ED9B766-1C34-4A96-BAC2-2545912FB943}.Release|Any CPU.ActiveCfg = Release|Any CPU
		{9ED9B766-1C34-4A96-BAC2-2545912FB943}.Release|Any CPU.Build.0 = Release|Any CPU
		{986A56A1-51EF-4A98-8841-2B0BC708B929}.Debug|Any CPU.ActiveCfg = Debug|Any CPU
		{986A56A1-51EF-4A98-8841-2B0BC708B929}.Debug|Any CPU.Build.0 = Debug|Any CPU
		{986A56A1-51EF-4A98-8841-2B0BC708B929}.Release|Any CPU.ActiveCfg = Release|Any CPU
		{986A56A1-51EF-4A98-8841-2B0BC708B929}.Release|Any CPU.Build.0 = Release|Any CPU
	EndGlobalSection
	GlobalSection(SolutionProperties) = preSolution
		HideSolutionNode = FALSE
	EndGlobalSection
	GlobalSection(ExtensibilityGlobals) = postSolution
		SolutionGuid = {C710C315-78E7-4550-9E6D-806D25077776}
	EndGlobalSection
EndGlobal
