
Microsoft Visual Studio Solution File, Format Version 12.00
# Visual Studio Version 17
VisualStudioVersion = 17.3.32922.545
MinimumVisualStudioVersion = 10.0.40219.1
Project("{FAE04EC0-301F-11D3-BF4B-00C04F79EFBC}") = "SignofIntegerNumbers", "SignofIntegerNumbers.csproj", "{C84BDFF5-34EF-4296-87D6-7D988D8E8303}"
EndProject
Global
	GlobalSection(SolutionConfigurationPlatforms) = preSolution
		Debug|Any CPU = Debug|Any CPU
		Release|Any CPU = Release|Any CPU
	EndGlobalSection
	GlobalSection(ProjectConfigurationPlatforms) = postSolution
		{C84BDFF5-34EF-4296-87D6-7D988D8E8303}.Debug|Any CPU.ActiveCfg = Debug|Any CPU
		{C84BDFF5-34EF-4296-87D6-7D988D8E8303}.Debug|Any CPU.Build.0 = Debug|Any CPU
		{C84BDFF5-34EF-4296-87D6-7D988D8E8303}.Release|Any CPU.ActiveCfg = Release|Any CPU
		{C84BDFF5-34EF-4296-87D6-7D988D8E8303}.Release|Any CPU.Build.0 = Release|Any CPU
	EndGlobalSection
	GlobalSection(SolutionProperties) = preSolution
		HideSolutionNode = FALSE
	EndGlobalSection
	GlobalSection(ExtensibilityGlobals) = postSolution
		SolutionGuid = {55D6C561-EC86-44D0-9739-7A9EFE4F7BAC}
	EndGlobalSection
EndGlobal
